{
    "_meta": {
        "hash": {
            "sha256": "6e0f4685170ce74487c3279dc63664d20bfe8171b520e98309139f489ab18dd3"
        },
        "pipfile-spec": 6,
        "requires": {
            "python_version": "3.6"
        },
        "sources": [
            {
                "name": "pypi",
                "url": "https://pypi.org/simple",
                "verify_ssl": true
            }
        ]
    },
    "default": {
        "pypdf2": {
            "hashes": [
                "sha256:e28f902f2f0a1603ea95ebe21dff311ef09be3d0f0ef29a3e44a932729564385"
            ],
            "index": "pypi",
            "version": "==1.26.0"
        }
    },
    "develop": {}
}
